{
  "name": "homomorphic_encryption",
  "version": "1.0.0",
  "lockfileVersion": 3,
  "requires": true,
  "packages": {
    "": {
      "name": "homomorphic_encryption",
      "version": "1.0.0",
      "license": "ISC",
      "dependencies": {
        "node-seal": "^5.1.4"
      }
    },
    "node_modules/node-seal": {
      "version": "5.1.4",
      "resolved": "https://registry.npmjs.org/node-seal/-/node-seal-5.1.4.tgz",
      "integrity": "sha512-GwxUupLuLP9wMivqybwT9OOhkDunADBnQmKFbwabnZaPgQTBXY3AZRWDamUCQxzWjn7t+Pxwl8FxZSisgKXJwA=="
    }
  }
}
